
Microsoft Visual Studio Solution File, Format Version 12.00
# Visual Studio Version 16
VisualStudioVersion = 16.0.31911.196
MinimumVisualStudioVersion = 10.0.40219.1
Project("{FAE04EC0-301F-11D3-BF4B-00C04F79EFBC}") = "MySolution.Module", "MySolution.Module\MySolution.Module.csproj", "{B5B07CDD-E072-4687-8466-90AD5740F355}"
EndProject
Project("{FAE04EC0-301F-11D3-BF4B-00C04F79EFBC}") = "MySolution.Module.Web", "MySolution.Module.Web\MySolution.Module.Web.csproj", "{4F30F736-5F1E-4075-B581-5F22D27A6C0A}"
EndProject
Project("{FAE04EC0-301F-11D3-BF4B-00C04F79EFBC}") = "MySolution.Web", "MySolution.Web\MySolution.Web.csproj", "{2E6EBE80-3E0B-4EFA-ABCC-455D1BC0162A}"
EndProject
Global
	GlobalSection(SolutionConfigurationPlatforms) = preSolution
		Debug|Any CPU = Debug|Any CPU
		EasyTest|Any CPU = EasyTest|Any CPU
		Release|Any CPU = Release|Any CPU
	EndGlobalSection
	GlobalSection(ProjectConfigurationPlatforms) = postSolution
		{B5B07CDD-E072-4687-8466-90AD5740F355}.Debug|Any CPU.ActiveCfg = Debug|Any CPU
		{B5B07CDD-E072-4687-8466-90AD5740F355}.Debug|Any CPU.Build.0 = Debug|Any CPU
		{B5B07CDD-E072-4687-8466-90AD5740F355}.EasyTest|Any CPU.ActiveCfg = EasyTest|Any CPU
		{B5B07CDD-E072-4687-8466-90AD5740F355}.EasyTest|Any CPU.Build.0 = EasyTest|Any CPU
		{B5B07CDD-E072-4687-8466-90AD5740F355}.Release|Any CPU.ActiveCfg = Release|Any CPU
		{B5B07CDD-E072-4687-8466-90AD5740F355}.Release|Any CPU.Build.0 = Release|Any CPU
		{4F30F736-5F1E-4075-B581-5F22D27A6C0A}.Debug|Any CPU.ActiveCfg = Debug|Any CPU
		{4F30F736-5F1E-4075-B581-5F22D27A6C0A}.Debug|Any CPU.Build.0 = Debug|Any CPU
		{4F30F736-5F1E-4075-B581-5F22D27A6C0A}.EasyTest|Any CPU.ActiveCfg = EasyTest|Any CPU
		{4F30F736-5F1E-4075-B581-5F22D27A6C0A}.EasyTest|Any CPU.Build.0 = EasyTest|Any CPU
		{4F30F736-5F1E-4075-B581-5F22D27A6C0A}.Release|Any CPU.ActiveCfg = Release|Any CPU
		{4F30F736-5F1E-4075-B581-5F22D27A6C0A}.Release|Any CPU.Build.0 = Release|Any CPU
		{2E6EBE80-3E0B-4EFA-ABCC-455D1BC0162A}.Debug|Any CPU.ActiveCfg = Debug|Any CPU
		{2E6EBE80-3E0B-4EFA-ABCC-455D1BC0162A}.Debug|Any CPU.Build.0 = Debug|Any CPU
		{2E6EBE80-3E0B-4EFA-ABCC-455D1BC0162A}.EasyTest|Any CPU.ActiveCfg = EasyTest|Any CPU
		{2E6EBE80-3E0B-4EFA-ABCC-455D1BC0162A}.EasyTest|Any CPU.Build.0 = EasyTest|Any CPU
		{2E6EBE80-3E0B-4EFA-ABCC-455D1BC0162A}.Release|Any CPU.ActiveCfg = Release|Any CPU
		{2E6EBE80-3E0B-4EFA-ABCC-455D1BC0162A}.Release|Any CPU.Build.0 = Release|Any CPU
	EndGlobalSection
	GlobalSection(SolutionProperties) = preSolution
		HideSolutionNode = FALSE
	EndGlobalSection
	GlobalSection(ExtensibilityGlobals) = postSolution
		SolutionGuid = {BDD78A7C-AB38-4248-9296-9419B8EE60B9}
	EndGlobalSection
EndGlobal
